// !$*UTF8*$!
{
	archiveVersion = 1;
	classes = {
	};
	objectVersion = 50;
	objects = {

/* Begin PBXBuildFile section */
		6DA8EDB4222E93E600E7AC01 /* MiddleFeedCarousellCell.swift in Sources */ = {isa = PBXBuildFile; fileRef = 6DA8EDB3222E93E600E7AC01 /* MiddleFeedCarousellCell.swift */; };
		6DA8EDB7222E9BF600E7AC01 /* UIView+Common.swift in Sources */ = {isa = PBXBuildFile; fileRef = 6DA8EDB6222E9BF600E7AC01 /* UIView+Common.swift */; };
		6DBEFF90222FBA3000D742C7 /* CellHelper.swift in Sources */ = {isa = PBXBuildFile; fileRef = 6DBEFF8F222FBA3000D742C7 /* CellHelper.swift */; };
		6DBEFFA22230FEA700D742C7 /* Constants.swift in Sources */ = {isa = PBXBuildFile; fileRef = 6DBEFFA12230FEA700D742C7 /* Constants.swift */; };
		6DBEFFA52231114F00D742C7 /* MenuCollectionViewLayout.swift in Sources */ = {isa = PBXBuildFile; fileRef = 6DBEFFA42231114E00D742C7 /* MenuCollectionViewLayout.swift */; };
		6DEDBAEF222E4922009D0E9B /* AppDelegate.swift in Sources */ = {isa = PBXBuildFile; fileRef = 6DEDBAEE222E4922009D0E9B /* AppDelegate.swift */; };
		6DEDBAF1222E4922009D0E9B /* ViewController.swift in Sources */ = {isa = PBXBuildFile; fileRef = 6DEDBAF0222E4922009D0E9B /* ViewController.swift */; };
		6DEDBAF4222E4922009D0E9B /* Main.storyboard in Resources */ = {isa = PBXBuildFile; fileRef = 6DEDBAF2222E4922009D0E9B /* Main.storyboard */; };
		6DEDBAF6222E4926009D0E9B /* Assets.xcassets in Resources */ = {isa = PBXBuildFile; fileRef = 6DEDBAF5222E4926009D0E9B /* Assets.xcassets */; };
		6DEDBAF9222E4926009D0E9B /* LaunchScreen.storyboard in Resources */ = {isa = PBXBuildFile; fileRef = 6DEDBAF7222E4926009D0E9B /* LaunchScreen.storyboard */; };
		6DEDBB01222E4FDC009D0E9B /* MenuCarousellCell.swift in Sources */ = {isa = PBXBuildFile; fileRef = 6DEDBB00222E4FDC009D0E9B /* MenuCarousellCell.swift */; };
		6DEDBB0A222E59B3009D0E9B /* UICollectionView+Common.swift in Sources */ = {isa = PBXBuildFile; fileRef = 6DEDBB09222E59B3009D0E9B /* UICollectionView+Common.swift */; };
		6DEDBB0C222E5B7E009D0E9B /* TopFeedCell.swift in Sources */ = {isa = PBXBuildFile; fileRef = 6DEDBB0B222E5B7E009D0E9B /* TopFeedCell.swift */; };
		6DEDBB0E222E5BAA009D0E9B /* MiddleFeedCell.swift in Sources */ = {isa = PBXBuildFile; fileRef = 6DEDBB0D222E5BAA009D0E9B /* MiddleFeedCell.swift */; };
		6DEDBB10222E6E18009D0E9B /* BottomFeedCell.swift in Sources */ = {isa = PBXBuildFile; fileRef = 6DEDBB0F222E6E18009D0E9B /* BottomFeedCell.swift */; };
		6DEDBB16222E6F1F009D0E9B /* TopFeedCarousellCell.swift in Sources */ = {isa = PBXBuildFile; fileRef = 6DEDBB15222E6F1F009D0E9B /* TopFeedCarousellCell.swift */; };
		6DEDBB18222E6F6E009D0E9B /* UIColor+Common.swift in Sources */ = {isa = PBXBuildFile; fileRef = 6DEDBB17222E6F6E009D0E9B /* UIColor+Common.swift */; };
/* End PBXBuildFile section */

/* Begin PBXFileReference section */
		6DA8EDB3222E93E600E7AC01 /* MiddleFeedCarousellCell.swift */ = {isa = PBXFileReference; lastKnownFileType = sourcecode.swift; path = MiddleFeedCarousellCell.swift; sourceTree = "<group>"; };
		6DA8EDB6222E9BF600E7AC01 /* UIView+Common.swift */ = {isa = PBXFileReference; lastKnownFileType = sourcecode.swift; path = "UIView+Common.swift"; sourceTree = "<group>"; };
		6DBEFF8F222FBA3000D742C7 /* CellHelper.swift */ = {isa = PBXFileReference; lastKnownFileType = sourcecode.swift; path = CellHelper.swift; sourceTree = "<group>"; };
		6DBEFFA12230FEA700D742C7 /* Constants.swift */ = {isa = PBXFileReference; lastKnownFileType = sourcecode.swift; path = Constants.swift; sourceTree = "<group>"; };
		6DBEFFA42231114E00D742C7 /* MenuCollectionViewLayout.swift */ = {isa = PBXFileReference; lastKnownFileType = sourcecode.swift; path = MenuCollectionViewLayout.swift; sourceTree = "<group>"; };
		6DEDBAEB222E4922009D0E9B /* MyCollection.app */ = {isa = PBXFileReference; explicitFileType = wrapper.application; includeInIndex = 0; path = MyCollection.app; sourceTree = BUILT_PRODUCTS_DIR; };
		6DEDBAEE222E4922009D0E9B /* AppDelegate.swift */ = {isa = PBXFileReference; lastKnownFileType = sourcecode.swift; path = AppDelegate.swift; sourceTree = "<group>"; };
		6DEDBAF0222E4922009D0E9B /* ViewController.swift */ = {isa = PBXFileReference; lastKnownFileType = sourcecode.swift; path = ViewController.swift; sourceTree = "<group>"; };
		6DEDBAF3222E4922009D0E9B /* Base */ = {isa = PBXFileReference; lastKnownFileType = file.storyboard; name = Base; path = Base.lproj/Main.storyboard; sourceTree = "<group>"; };
		6DEDBAF5222E4926009D0E9B /* Assets.xcassets */ = {isa = PBXFileReference; lastKnownFileType = folder.assetcatalog; path = Assets.xcassets; sourceTree = "<group>"; };
		6DEDBAF8222E4926009D0E9B /* Base */ = {isa = PBXFileReference; lastKnownFileType = file.storyboard; name = Base; path = Base.lproj/LaunchScreen.storyboard; sourceTree = "<group>"; };
		6DEDBAFA222E4926009D0E9B /* Info.plist */ = {isa = PBXFileReference; lastKnownFileType = text.plist.xml; path = Info.plist; sourceTree = "<group>"; };
		6DEDBB00222E4FDC009D0E9B /* MenuCarousellCell.swift */ = {isa = PBXFileReference; lastKnownFileType = sourcecode.swift; path = MenuCarousellCell.swift; sourceTree = "<group>"; };
		6DEDBB09222E59B3009D0E9B /* UICollectionView+Common.swift */ = {isa = PBXFileReference; lastKnownFileType = sourcecode.swift; path = "UICollectionView+Common.swift"; sourceTree = "<group>"; };
		6DEDBB0B222E5B7E009D0E9B /* TopFeedCell.swift */ = {isa = PBXFileReference; lastKnownFileType = sourcecode.swift; path = TopFeedCell.swift; sourceTree = "<group>"; };
		6DEDBB0D222E5BAA009D0E9B /* MiddleFeedCell.swift */ = {isa = PBXFileReference; lastKnownFileType = sourcecode.swift; path = MiddleFeedCell.swift; sourceTree = "<group>"; };
		6DEDBB0F222E6E18009D0E9B /* BottomFeedCell.swift */ = {isa = PBXFileReference; lastKnownFileType = sourcecode.swift; path = BottomFeedCell.swift; sourceTree = "<group>"; };
		6DEDBB15222E6F1F009D0E9B /* TopFeedCarousellCell.swift */ = {isa = PBXFileReference; lastKnownFileType = sourcecode.swift; path = TopFeedCarousellCell.swift; sourceTree = "<group>"; };
		6DEDBB17222E6F6E009D0E9B /* UIColor+Common.swift */ = {isa = PBXFileReference; lastKnownFileType = sourcecode.swift; path = "UIColor+Common.swift"; sourceTree = "<group>"; };
/* End PBXFileReference section */

/* Begin PBXFrameworksBuildPhase section */
		6DEDBAE8222E4922009D0E9B /* Frameworks */ = {
			isa = PBXFrameworksBuildPhase;
			buildActionMask = 2147483647;
			files = (
			);
			runOnlyForDeploymentPostprocessing = 0;
		};
/* End PBXFrameworksBuildPhase section */

/* Begin PBXGroup section */
		6DA8EDB5222E94F300E7AC01 /* Feed Area */ = {
			isa = PBXGroup;
			children = (
				6DEDBB12222E6EC5009D0E9B /* Top Feed Area */,
				6DEDBB13222E6EDA009D0E9B /* Middle Area */,
				6DEDBB14222E6EE4009D0E9B /* Bottom Area */,
			);
			path = "Feed Area";
			sourceTree = "<group>";
		};
		6DBEFF8E222FBA1B00D742C7 /* Helper */ = {
			isa = PBXGroup;
			children = (
				6DBEFF8F222FBA3000D742C7 /* CellHelper.swift */,
			);
			path = Helper;
			sourceTree = "<group>";
		};
		6DBEFFA02230FE9400D742C7 /* Common */ = {
			isa = PBXGroup;
			children = (
				6DBEFFA12230FEA700D742C7 /* Constants.swift */,
			);
			path = Common;
			sourceTree = "<group>";
		};
		6DBEFFA32231113600D742C7 /* CollectionViewLayout */ = {
			isa = PBXGroup;
			children = (
				6DBEFFA42231114E00D742C7 /* MenuCollectionViewLayout.swift */,
			);
			path = CollectionViewLayout;
			sourceTree = "<group>";
		};
		6DEDBAE2222E4922009D0E9B = {
			isa = PBXGroup;
			children = (
				6DEDBAED222E4922009D0E9B /* MyCollection */,
				6DEDBAEC222E4922009D0E9B /* Products */,
			);
			sourceTree = "<group>";
		};
		6DEDBAEC222E4922009D0E9B /* Products */ = {
			isa = PBXGroup;
			children = (
				6DEDBAEB222E4922009D0E9B /* MyCollection.app */,
			);
			name = Products;
			sourceTree = "<group>";
		};
		6DEDBAED222E4922009D0E9B /* MyCollection */ = {
			isa = PBXGroup;
			children = (
				6DBEFFA02230FE9400D742C7 /* Common */,
				6DEDBB07222E5933009D0E9B /* Model */,
				6DEDBB06222E592D009D0E9B /* ViewModel */,
				6DEDBB03222E5913009D0E9B /* Views */,
				6DEDBB02222E590A009D0E9B /* AppDelegate */,
				6DEDBB08222E59A1009D0E9B /* Extensions */,
				6DEDBAF2222E4922009D0E9B /* Main.storyboard */,
				6DEDBAF5222E4926009D0E9B /* Assets.xcassets */,
				6DEDBAF7222E4926009D0E9B /* LaunchScreen.storyboard */,
				6DEDBAFA222E4926009D0E9B /* Info.plist */,
			);
			path = MyCollection;
			sourceTree = "<group>";
		};
		6DEDBB02222E590A009D0E9B /* AppDelegate */ = {
			isa = PBXGroup;
			children = (
				6DEDBAEE222E4922009D0E9B /* AppDelegate.swift */,
			);
			path = AppDelegate;
			sourceTree = "<group>";
		};
		6DEDBB03222E5913009D0E9B /* Views */ = {
			isa = PBXGroup;
			children = (
				6DBEFFA32231113600D742C7 /* CollectionViewLayout */,
				6DEDBB04222E591A009D0E9B /* Controllers */,
				6DEDBB05222E5924009D0E9B /* Cells */,
			);
			path = Views;
			sourceTree = "<group>";
		};
		6DEDBB04222E591A009D0E9B /* Controllers */ = {
			isa = PBXGroup;
			children = (
				6DEDBAF0222E4922009D0E9B /* ViewController.swift */,
			);
			path = Controllers;
			sourceTree = "<group>";
		};
		6DEDBB05222E5924009D0E9B /* Cells */ = {
			isa = PBXGroup;
			children = (
				6DEDBB11222E6EBF009D0E9B /* Menu Area */,
				6DA8EDB5222E94F300E7AC01 /* Feed Area */,
				6DBEFF8E222FBA1B00D742C7 /* Helper */,
			);
			path = Cells;
			sourceTree = "<group>";
		};
		6DEDBB06222E592D009D0E9B /* ViewModel */ = {
			isa = PBXGroup;
			children = (
			);
			path = ViewModel;
			sourceTree = "<group>";
		};
		6DEDBB07222E5933009D0E9B /* Model */ = {
			isa = PBXGroup;
			children = (
			);
			path = Model;
			sourceTree = "<group>";
		};
		6DEDBB08222E59A1009D0E9B /* Extensions */ = {
			isa = PBXGroup;
			children = (
				6DEDBB09222E59B3009D0E9B /* UICollectionView+Common.swift */,
				6DEDBB17222E6F6E009D0E9B /* UIColor+Common.swift */,
				6DA8EDB6222E9BF600E7AC01 /* UIView+Common.swift */,
			);
			path = Extensions;
			sourceTree = "<group>";
		};
		6DEDBB11222E6EBF009D0E9B /* Menu Area */ = {
			isa = PBXGroup;
			children = (
				6DEDBB00222E4FDC009D0E9B /* MenuCarousellCell.swift */,
			);
			path = "Menu Area";
			sourceTree = "<group>";
		};
		6DEDBB12222E6EC5009D0E9B /* Top Feed Area */ = {
			isa = PBXGroup;
			children = (
				6DEDBB0B222E5B7E009D0E9B /* TopFeedCell.swift */,
				6DEDBB15222E6F1F009D0E9B /* TopFeedCarousellCell.swift */,
			);
			path = "Top Feed Area";
			sourceTree = "<group>";
		};
		6DEDBB13222E6EDA009D0E9B /* Middle Area */ = {
			isa = PBXGroup;
			children = (
				6DEDBB0D222E5BAA009D0E9B /* MiddleFeedCell.swift */,
				6DA8EDB3222E93E600E7AC01 /* MiddleFeedCarousellCell.swift */,
			);
			path = "Middle Area";
			sourceTree = "<group>";
		};
		6DEDBB14222E6EE4009D0E9B /* Bottom Area */ = {
			isa = PBXGroup;
			children = (
				6DEDBB0F222E6E18009D0E9B /* BottomFeedCell.swift */,
			);
			path = "Bottom Area";
			sourceTree = "<group>";
		};
/* End PBXGroup section */

/* Begin PBXNativeTarget section */
		6DEDBAEA222E4922009D0E9B /* MyCollection */ = {
			isa = PBXNativeTarget;
			buildConfigurationList = 6DEDBAFD222E4926009D0E9B /* Build configuration list for PBXNativeTarget "MyCollection" */;
			buildPhases = (
				6DEDBAE7222E4922009D0E9B /* Sources */,
				6DEDBAE8222E4922009D0E9B /* Frameworks */,
				6DEDBAE9222E4922009D0E9B /* Resources */,
			);
			buildRules = (
			);
			dependencies = (
			);
			name = MyCollection;
			productName = MyCollection;
			productReference = 6DEDBAEB222E4922009D0E9B /* MyCollection.app */;
			productType = "com.apple.product-type.application";
		};
/* End PBXNativeTarget section */

/* Begin PBXProject section */
		6DEDBAE3222E4922009D0E9B /* Project object */ = {
			isa = PBXProject;
			attributes = {
				LastSwiftUpdateCheck = 1010;
				LastUpgradeCheck = 1010;
				ORGANIZATIONNAME = "Nir Lachman";
				TargetAttributes = {
					6DEDBAEA222E4922009D0E9B = {
						CreatedOnToolsVersion = 10.1;
					};
				};
			};
			buildConfigurationList = 6DEDBAE6222E4922009D0E9B /* Build configuration list for PBXProject "MyCollection" */;
			compatibilityVersion = "Xcode 9.3";
			developmentRegion = en;
			hasScannedForEncodings = 0;
			knownRegions = (
				en,
				Base,
			);
			mainGroup = 6DEDBAE2222E4922009D0E9B;
			productRefGroup = 6DEDBAEC222E4922009D0E9B /* Products */;
			projectDirPath = "";
			projectRoot = "";
			targets = (
				6DEDBAEA222E4922009D0E9B /* MyCollection */,
			);
		};
/* End PBXProject section */

/* Begin PBXResourcesBuildPhase section */
		6DEDBAE9222E4922009D0E9B /* Resources */ = {
			isa = PBXResourcesBuildPhase;
			buildActionMask = 2147483647;
			files = (
				6DEDBAF9222E4926009D0E9B /* LaunchScreen.storyboard in Resources */,
				6DEDBAF6222E4926009D0E9B /* Assets.xcassets in Resources */,
				6DEDBAF4222E4922009D0E9B /* Main.storyboard in Resources */,
			);
			runOnlyForDeploymentPostprocessing = 0;
		};
/* End PBXResourcesBuildPhase section */

/* Begin PBXSourcesBuildPhase section */
		6DEDBAE7222E4922009D0E9B /* Sources */ = {
			isa = PBXSourcesBuildPhase;
			buildActionMask = 2147483647;
			files = (
				6DEDBB10222E6E18009D0E9B /* BottomFeedCell.swift in Sources */,
				6DEDBB18222E6F6E009D0E9B /* UIColor+Common.swift in Sources */,
				6DA8EDB7222E9BF600E7AC01 /* UIView+Common.swift in Sources */,
				6DEDBB0C222E5B7E009D0E9B /* TopFeedCell.swift in Sources */,
				6DEDBB0E222E5BAA009D0E9B /* MiddleFeedCell.swift in Sources */,
				6DEDBB01222E4FDC009D0E9B /* MenuCarousellCell.swift in Sources */,
				6DEDBB0A222E59B3009D0E9B /* UICollectionView+Common.swift in Sources */,
				6DBEFFA22230FEA700D742C7 /* Constants.swift in Sources */,
				6DBEFF90222FBA3000D742C7 /* CellHelper.swift in Sources */,
				6DEDBAF1222E4922009D0E9B /* ViewController.swift in Sources */,
				6DA8EDB4222E93E600E7AC01 /* MiddleFeedCarousellCell.swift in Sources */,
				6DEDBB16222E6F1F009D0E9B /* TopFeedCarousellCell.swift in Sources */,
				6DEDBAEF222E4922009D0E9B /* AppDelegate.swift in Sources */,
				6DBEFFA52231114F00D742C7 /* MenuCollectionViewLayout.swift in Sources */,
			);
			runOnlyForDeploymentPostprocessing = 0;
		};
/* End PBXSourcesBuildPhase section */

/* Begin PBXVariantGroup section */
		6DEDBAF2222E4922009D0E9B /* Main.storyboard */ = {
			isa = PBXVariantGroup;
			children = (
				6DEDBAF3222E4922009D0E9B /* Base */,
			);
			name = Main.storyboard;
			sourceTree = "<group>";
		};
		6DEDBAF7222E4926009D0E9B /* LaunchScreen.storyboard */ = {
			isa = PBXVariantGroup;
			children = (
				6DEDBAF8222E4926009D0E9B /* Base */,
			);
			name = LaunchScreen.storyboard;
			sourceTree = "<group>";
		};
/* End PBXVariantGroup section */

/* Begin XCBuildConfiguration section */
		6DEDBAFB222E4926009D0E9B /* Debug */ = {
			isa = XCBuildConfiguration;
			buildSettings = {
				ALWAYS_SEARCH_USER_PATHS = NO;
				CLANG_ANALYZER_NONNULL = YES;
				CLANG_ANALYZER_NUMBER_OBJECT_CONVERSION = YES_AGGRESSIVE;
				CLANG_CXX_LANGUAGE_STANDARD = "gnu++14";
				CLANG_CXX_LIBRARY = "libc++";
				CLANG_ENABLE_MODULES = YES;
				CLANG_ENABLE_OBJC_ARC = YES;
				CLANG_ENABLE_OBJC_WEAK = YES;
				CLANG_WARN_BLOCK_CAPTURE_AUTORELEASING = YES;
				CLANG_WARN_BOOL_CONVERSION = YES;
				CLANG_WARN_COMMA = YES;
				CLANG_WARN_CONSTANT_CONVERSION = YES;
				CLANG_WARN_DEPRECATED_OBJC_IMPLEMENTATIONS = YES;
				CLANG_WARN_DIRECT_OBJC_ISA_USAGE = YES_ERROR;
				CLANG_WARN_DOCUMENTATION_COMMENTS = YES;
				CLANG_WARN_EMPTY_BODY = YES;
				CLANG_WARN_ENUM_CONVERSION = YES;
				CLANG_WARN_INFINITE_RECURSION = YES;
				CLANG_WARN_INT_CONVERSION = YES;
				CLANG_WARN_NON_LITERAL_NULL_CONVERSION = YES;
				CLANG_WARN_OBJC_IMPLICIT_RETAIN_SELF = YES;
				CLANG_WARN_OBJC_LITERAL_CONVERSION = YES;
				CLANG_WARN_OBJC_ROOT_CLASS = YES_ERROR;
				CLANG_WARN_RANGE_LOOP_ANALYSIS = YES;
				CLANG_WARN_STRICT_PROTOTYPES = YES;
				CLANG_WARN_SUSPICIOUS_MOVE = YES;
				CLANG_WARN_UNGUARDED_AVAILABILITY = YES_AGGRESSIVE;
				CLANG_WARN_UNREACHABLE_CODE = YES;
				CLANG_WARN__DUPLICATE_METHOD_MATCH = YES;
				CODE_SIGN_IDENTITY = "iPhone Developer";
				COPY_PHASE_STRIP = NO;
				DEBUG_INFORMATION_FORMAT = dwarf;
				ENABLE_STRICT_OBJC_MSGSEND = YES;
				ENABLE_TESTABILITY = YES;
				GCC_C_LANGUAGE_STANDARD = gnu11;
				GCC_DYNAMIC_NO_PIC = NO;
				GCC_NO_COMMON_BLOCKS = YES;
				GCC_OPTIMIZATION_LEVEL = 0;
				GCC_PREPROCESSOR_DEFINITIONS = (
					"DEBUG=1",
					"$(inherited)",
				);
				GCC_WARN_64_TO_32_BIT_CONVERSION = YES;
				GCC_WARN_ABOUT_RETURN_TYPE = YES_ERROR;
				GCC_WARN_UNDECLARED_SELECTOR = YES;
				GCC_WARN_UNINITIALIZED_AUTOS = YES_AGGRESSIVE;
				GCC_WARN_UNUSED_FUNCTION = YES;
				GCC_WARN_UNUSED_VARIABLE = YES;
				IPHONEOS_DEPLOYMENT_TARGET = 12.1;
				MTL_ENABLE_DEBUG_INFO = INCLUDE_SOURCE;
				MTL_FAST_MATH = YES;
				ONLY_ACTIVE_ARCH = YES;
				SDKROOT = iphoneos;
				SWIFT_ACTIVE_COMPILATION_CONDITIONS = DEBUG;
				SWIFT_OPTIMIZATION_LEVEL = "-Onone";
			};
			name = Debug;
		};
		6DEDBAFC222E4926009D0E9B /* Release */ = {
			isa = XCBuildConfiguration;
			buildSettings = {
				ALWAYS_SEARCH_USER_PATHS = NO;
				CLANG_ANALYZER_NONNULL = YES;
				CLANG_ANALYZER_NUMBER_OBJECT_CONVERSION = YES_AGGRESSIVE;
				CLANG_CXX_LANGUAGE_STANDARD = "gnu++14";
				CLANG_CXX_LIBRARY = "libc++";
				CLANG_ENABLE_MODULES = YES;
				CLANG_ENABLE_OBJC_ARC = YES;
				CLANG_ENABLE_OBJC_WEAK = YES;
				CLANG_WARN_BLOCK_CAPTURE_AUTORELEASING = YES;
				CLANG_WARN_BOOL_CONVERSION = YES;
				CLANG_WARN_COMMA = YES;
				CLANG_WARN_CONSTANT_CONVERSION = YES;
				CLANG_WARN_DEPRECATED_OBJC_IMPLEMENTATIONS = YES;
				CLANG_WARN_DIRECT_OBJC_ISA_USAGE = YES_ERROR;
				CLANG_WARN_DOCUMENTATION_COMMENTS = YES;
				CLANG_WARN_EMPTY_BODY = YES;
				CLANG_WARN_ENUM_CONVERSION = YES;
				CLANG_WARN_INFINITE_RECURSION = YES;
				CLANG_WARN_INT_CONVERSION = YES;
				CLANG_WARN_NON_LITERAL_NULL_CONVERSION = YES;
				CLANG_WARN_OBJC_IMPLICIT_RETAIN_SELF = YES;
				CLANG_WARN_OBJC_LITERAL_CONVERSION = YES;
				CLANG_WARN_OBJC_ROOT_CLASS = YES_ERROR;
				CLANG_WARN_RANGE_LOOP_ANALYSIS = YES;
				CLANG_WARN_STRICT_PROTOTYPES = YES;
				CLANG_WARN_SUSPICIOUS_MOVE = YES;
				CLANG_WARN_UNGUARDED_AVAILABILITY = YES_AGGRESSIVE;
				CLANG_WARN_UNREACHABLE_CODE = YES;
				CLANG_WARN__DUPLICATE_METHOD_MATCH = YES;
				CODE_SIGN_IDENTITY = "iPhone Developer";
				COPY_PHASE_STRIP = NO;
				DEBUG_INFORMATION_FORMAT = "dwarf-with-dsym";
				ENABLE_NS_ASSERTIONS = NO;
				ENABLE_STRICT_OBJC_MSGSEND = YES;
				GCC_C_LANGUAGE_STANDARD = gnu11;
				GCC_NO_COMMON_BLOCKS = YES;
				GCC_WARN_64_TO_32_BIT_CONVERSION = YES;
				GCC_WARN_ABOUT_RETURN_TYPE = YES_ERROR;
				GCC_WARN_UNDECLARED_SELECTOR = YES;
				GCC_WARN_UNINITIALIZED_AUTOS = YES_AGGRESSIVE;
				GCC_WARN_UNUSED_FUNCTION = YES;
				GCC_WARN_UNUSED_VARIABLE = YES;
				IPHONEOS_DEPLOYMENT_TARGET = 12.1;
				MTL_ENABLE_DEBUG_INFO = NO;
				MTL_FAST_MATH = YES;
				SDKROOT = iphoneos;
				SWIFT_COMPILATION_MODE = wholemodule;
				SWIFT_OPTIMIZATION_LEVEL = "-O";
				VALIDATE_PRODUCT = YES;
			};
			name = Release;
		};
		6DEDBAFE222E4926009D0E9B /* Debug */ = {
			isa = XCBuildConfiguration;
			buildSettings = {
				ASSETCATALOG_COMPILER_APPICON_NAME = AppIcon;
				CODE_SIGN_STYLE = Automatic;
				DEVELOPMENT_TEAM = JEPB3KLBRE;
				INFOPLIST_FILE = MyCollection/Info.plist;
				LD_RUNPATH_SEARCH_PATHS = (
					"$(inherited)",
					"@executable_path/Frameworks",
				);
				PRODUCT_BUNDLE_IDENTIFIER = com.lachman.MyCollection;
				PRODUCT_NAME = "$(TARGET_NAME)";
				SWIFT_VERSION = 4.2;
				TARGETED_DEVICE_FAMILY = "1,2";
			};
			name = Debug;
		};
		6DEDBAFF222E4926009D0E9B /* Release */ = {
			isa = XCBuildConfiguration;
			buildSettings = {
				ASSETCATALOG_COMPILER_APPICON_NAME = AppIcon;
				CODE_SIGN_STYLE = Automatic;
				DEVELOPMENT_TEAM = JEPB3KLBRE;
				INFOPLIST_FILE = MyCollection/Info.plist;
				LD_RUNPATH_SEARCH_PATHS = (
					"$(inherited)",
					"@executable_path/Frameworks",
				);
				PRODUCT_BUNDLE_IDENTIFIER = com.lachman.MyCollection;
				PRODUCT_NAME = "$(TARGET_NAME)";
				SWIFT_VERSION = 4.2;
				TARGETED_DEVICE_FAMILY = "1,2";
			};
			name = Release;
		};
/* End XCBuildConfiguration section */

/* Begin XCConfigurationList section */
		6DEDBAE6222E4922009D0E9B /* Build configuration list for PBXProject "MyCollection" */ = {
			isa = XCConfigurationList;
			buildConfigurations = (
				6DEDBAFB222E4926009D0E9B /* Debug */,
				6DEDBAFC222E4926009D0E9B /* Release */,
			);
			defaultConfigurationIsVisible = 0;
			defaultConfigurationName = Release;
		};
		6DEDBAFD222E4926009D0E9B /* Build configuration list for PBXNativeTarget "MyCollection" */ = {
			isa = XCConfigurationList;
			buildConfigurations = (
				6DEDBAFE222E4926009D0E9B /* Debug */,
				6DEDBAFF222E4926009D0E9B /* Release */,
			);
			defaultConfigurationIsVisible = 0;
			defaultConfigurationName = Release;
		};
/* End XCConfigurationList section */
	};
	rootObject = 6DEDBAE3222E4922009D0E9B /* Project object */;
}
